
Microsoft Visual Studio Solution File, Format Version 12.00
# Visual Studio 15
VisualStudioVersion = 15.0.27703.2026
MinimumVisualStudioVersion = 10.0.40219.1
Project("{8BC9CEB8-8B4A-11D0-8D11-00A0C91BC942}") = "PenguinBros", "PenguinBros\PenguinBros.vcxproj", "{D0023155-7907-439C-BCDD-C28A90DEFD89}"
EndProject
Global
	GlobalSection(SolutionConfigurationPlatforms) = preSolution
		Debug|x64 = Debug|x64
		Debug|x86 = Debug|x86
		Release|x64 = Release|x64
		Release|x86 = Release|x86
	EndGlobalSection
	GlobalSection(ProjectConfigurationPlatforms) = postSolution
		{D0023155-7907-439C-BCDD-C28A90DEFD89}.Debug|x64.ActiveCfg = Debug|x64
		{D0023155-7907-439C-BCDD-C28A90DEFD89}.Debug|x64.Build.0 = Debug|x64
		{D0023155-7907-439C-BCDD-C28A90DEFD89}.Debug|x86.ActiveCfg = Debug|Win32
		{D0023155-7907-439C-BCDD-C28A90DEFD89}.Debug|x86.Build.0 = Debug|Win32
		{D0023155-7907-439C-BCDD-C28A90DEFD89}.Release|x64.ActiveCfg = Release|x64
		{D0023155-7907-439C-BCDD-C28A90DEFD89}.Release|x64.Build.0 = Release|x64
		{D0023155-7907-439C-BCDD-C28A90DEFD89}.Release|x86.ActiveCfg = Release|Win32
		{D0023155-7907-439C-BCDD-C28A90DEFD89}.Release|x86.Build.0 = Release|Win32
	EndGlobalSection
	GlobalSection(SolutionProperties) = preSolution
		HideSolutionNode = FALSE
	EndGlobalSection
	GlobalSection(ExtensibilityGlobals) = postSolution
		SolutionGuid = {6E569EAB-B761-4695-850F-63C88AED4222}
	EndGlobalSection
EndGlobal
